
Microsoft Visual Studio Solution File, Format Version 12.00
# Visual Studio 15
VisualStudioVersion = 15.0.34829.251
MinimumVisualStudioVersion = 10.0.40219.1
Project("{FAE04EC0-301F-11D3-BF4B-00C04F79EFBC}") = "Caculator", "Caculator\Caculator.csproj", "{42FE92A1-5C5E-4C0D-B7D0-BCDD6C7F9B68}"
EndProject
Global
	GlobalSection(SolutionConfigurationPlatforms) = preSolution
		Debug|Any CPU = Debug|Any CPU
		Release|Any CPU = Release|Any CPU
	EndGlobalSection
	GlobalSection(ProjectConfigurationPlatforms) = postSolution
		{42FE92A1-5C5E-4C0D-B7D0-BCDD6C7F9B68}.Debug|Any CPU.ActiveCfg = Debug|Any CPU
		{42FE92A1-5C5E-4C0D-B7D0-BCDD6C7F9B68}.Debug|Any CPU.Build.0 = Debug|Any CPU
		{42FE92A1-5C5E-4C0D-B7D0-BCDD6C7F9B68}.Release|Any CPU.ActiveCfg = Release|Any CPU
		{42FE92A1-5C5E-4C0D-B7D0-BCDD6C7F9B68}.Release|Any CPU.Build.0 = Release|Any CPU
	EndGlobalSection
	GlobalSection(SolutionProperties) = preSolution
		HideSolutionNode = FALSE
	EndGlobalSection
	GlobalSection(ExtensibilityGlobals) = postSolution
		SolutionGuid = {2FBB415C-DA1D-4BA1-B272-928EFE1A8059}
	EndGlobalSection
EndGlobal
